
Microsoft Visual Studio Solution File, Format Version 12.00
# Visual Studio Version 17
VisualStudioVersion = 17.5.33516.290
MinimumVisualStudioVersion = 10.0.40219.1
Project("{9A19103F-16F7-4668-BE54-9A1E7A4F7556}") = "Task4", "Task4\Task4.csproj", "{6D32FD2F-98E6-4896-8519-163D8826741F}"
EndProject
Project("{FAE04EC0-301F-11D3-BF4B-00C04F79EFBC}") = "Task3", "Task3\Task3.csproj", "{1E6E42B2-857F-4655-A752-4FC4A88BC810}"
EndProject
Global
	GlobalSection(SolutionConfigurationPlatforms) = preSolution
		Debug|Any CPU = Debug|Any CPU
		Release|Any CPU = Release|Any CPU
	EndGlobalSection
	GlobalSection(ProjectConfigurationPlatforms) = postSolution
		{6D32FD2F-98E6-4896-8519-163D8826741F}.Debug|Any CPU.ActiveCfg = Debug|Any CPU
		{6D32FD2F-98E6-4896-8519-163D8826741F}.Debug|Any CPU.Build.0 = Debug|Any CPU
		{6D32FD2F-98E6-4896-8519-163D8826741F}.Release|Any CPU.ActiveCfg = Release|Any CPU
		{6D32FD2F-98E6-4896-8519-163D8826741F}.Release|Any CPU.Build.0 = Release|Any CPU
		{1E6E42B2-857F-4655-A752-4FC4A88BC810}.Debug|Any CPU.ActiveCfg = Debug|Any CPU
		{1E6E42B2-857F-4655-A752-4FC4A88BC810}.Debug|Any CPU.Build.0 = Debug|Any CPU
		{1E6E42B2-857F-4655-A752-4FC4A88BC810}.Release|Any CPU.ActiveCfg = Release|Any CPU
		{1E6E42B2-857F-4655-A752-4FC4A88BC810}.Release|Any CPU.Build.0 = Release|Any CPU
	EndGlobalSection
	GlobalSection(SolutionProperties) = preSolution
		HideSolutionNode = FALSE
	EndGlobalSection
	GlobalSection(ExtensibilityGlobals) = postSolution
		SolutionGuid = {5A0C2060-CC8D-49FB-99FF-C40B5E65BED9}
	EndGlobalSection
EndGlobal
